
Microsoft Visual Studio Solution File, Format Version 12.00
# Visual Studio 15
VisualStudioVersion = 15.0.27428.2015
MinimumVisualStudioVersion = 10.0.40219.1
Project("{FAE04EC0-301F-11D3-BF4B-00C04F79EFBC}") = "win621dl", "win621dl\win621dl.csproj", "{96477E42-6834-4DD0-BE2D-15E0EFCB1E02}"
EndProject
Global
	GlobalSection(SolutionConfigurationPlatforms) = preSolution
		Debug|Any CPU = Debug|Any CPU
		Release|Any CPU = Release|Any CPU
	EndGlobalSection
	GlobalSection(ProjectConfigurationPlatforms) = postSolution
		{96477E42-6834-4DD0-BE2D-15E0EFCB1E02}.Debug|Any CPU.ActiveCfg = Debug|Any CPU
		{96477E42-6834-4DD0-BE2D-15E0EFCB1E02}.Debug|Any CPU.Build.0 = Debug|Any CPU
		{96477E42-6834-4DD0-BE2D-15E0EFCB1E02}.Release|Any CPU.ActiveCfg = Release|Any CPU
		{96477E42-6834-4DD0-BE2D-15E0EFCB1E02}.Release|Any CPU.Build.0 = Release|Any CPU
	EndGlobalSection
	GlobalSection(SolutionProperties) = preSolution
		HideSolutionNode = FALSE
	EndGlobalSection
	GlobalSection(ExtensibilityGlobals) = postSolution
		SolutionGuid = {086EA11C-95E2-4047-AAEE-F6359A244E41}
	EndGlobalSection
EndGlobal
